
Microsoft Visual Studio Solution File, Format Version 12.00
# Visual Studio Version 16
VisualStudioVersion = 16.0.29025.244
MinimumVisualStudioVersion = 10.0.40219.1
Project("{FAE04EC0-301F-11D3-BF4B-00C04F79EFBC}") = "EcommerceUaa", "EcommerceUaa\EcommerceUaa.csproj", "{8B8BBFA6-4783-47AA-BF96-DD611E3F2AAB}"
EndProject
Global
	GlobalSection(SolutionConfigurationPlatforms) = preSolution
		Debug|Any CPU = Debug|Any CPU
		Debug|x64 = Debug|x64
		Release|Any CPU = Release|Any CPU
		Release|x64 = Release|x64
	EndGlobalSection
	GlobalSection(ProjectConfigurationPlatforms) = postSolution
		{8B8BBFA6-4783-47AA-BF96-DD611E3F2AAB}.Debug|Any CPU.ActiveCfg = Debug|Any CPU
		{8B8BBFA6-4783-47AA-BF96-DD611E3F2AAB}.Debug|Any CPU.Build.0 = Debug|Any CPU
		{8B8BBFA6-4783-47AA-BF96-DD611E3F2AAB}.Debug|x64.ActiveCfg = Debug|x64
		{8B8BBFA6-4783-47AA-BF96-DD611E3F2AAB}.Debug|x64.Build.0 = Debug|x64
		{8B8BBFA6-4783-47AA-BF96-DD611E3F2AAB}.Release|Any CPU.ActiveCfg = Release|Any CPU
		{8B8BBFA6-4783-47AA-BF96-DD611E3F2AAB}.Release|Any CPU.Build.0 = Release|Any CPU
		{8B8BBFA6-4783-47AA-BF96-DD611E3F2AAB}.Release|x64.ActiveCfg = Release|x64
		{8B8BBFA6-4783-47AA-BF96-DD611E3F2AAB}.Release|x64.Build.0 = Release|x64
	EndGlobalSection
	GlobalSection(SolutionProperties) = preSolution
		HideSolutionNode = FALSE
	EndGlobalSection
	GlobalSection(ExtensibilityGlobals) = postSolution
		SolutionGuid = {75D8E254-C148-46EC-B355-2D9A2880B8F8}
	EndGlobalSection
EndGlobal
