
Microsoft Visual Studio Solution File, Format Version 12.00
# Visual Studio Version 16
VisualStudioVersion = 16.0.29025.244
MinimumVisualStudioVersion = 10.0.40219.1
Project("{FAE04EC0-301F-11D3-BF4B-00C04F79EFBC}") = "EcommerceUaa", "EcommerceUaa\EcommerceUaa.csproj", "{8B8BBFA6-4783-47AA-BF96-DD611E3F2AAB}"
EndProject
Project("{9A19103F-16F7-4668-BE54-9A1E7A4F7556}") = "Core", "Core\Core.csproj", "{D77D96E0-86A8-4A6F-98A9-29F5777BDB3C}"
EndProject
Global
	GlobalSection(SolutionConfigurationPlatforms) = preSolution
		Debug|Any CPU = Debug|Any CPU
		Release|Any CPU = Release|Any CPU
	EndGlobalSection
	GlobalSection(ProjectConfigurationPlatforms) = postSolution
		{8B8BBFA6-4783-47AA-BF96-DD611E3F2AAB}.Debug|Any CPU.ActiveCfg = Debug|Any CPU
		{8B8BBFA6-4783-47AA-BF96-DD611E3F2AAB}.Debug|Any CPU.Build.0 = Debug|Any CPU
		{8B8BBFA6-4783-47AA-BF96-DD611E3F2AAB}.Release|Any CPU.ActiveCfg = Release|Any CPU
		{8B8BBFA6-4783-47AA-BF96-DD611E3F2AAB}.Release|Any CPU.Build.0 = Release|Any CPU
		{D77D96E0-86A8-4A6F-98A9-29F5777BDB3C}.Debug|Any CPU.ActiveCfg = Debug|Any CPU
		{D77D96E0-86A8-4A6F-98A9-29F5777BDB3C}.Debug|Any CPU.Build.0 = Debug|Any CPU
		{D77D96E0-86A8-4A6F-98A9-29F5777BDB3C}.Release|Any CPU.ActiveCfg = Release|Any CPU
		{D77D96E0-86A8-4A6F-98A9-29F5777BDB3C}.Release|Any CPU.Build.0 = Release|Any CPU
	EndGlobalSection
	GlobalSection(SolutionProperties) = preSolution
		HideSolutionNode = FALSE
	EndGlobalSection
	GlobalSection(ExtensibilityGlobals) = postSolution
		SolutionGuid = {75D8E254-C148-46EC-B355-2D9A2880B8F8}
	EndGlobalSection
EndGlobal
